
Microsoft Visual Studio Solution File, Format Version 12.00
# Visual Studio Version 16
VisualStudioVersion = 16.0.30002.166
MinimumVisualStudioVersion = 10.0.40219.1
Project("{FAE04EC0-301F-11D3-BF4B-00C04F79EFBC}") = "NetConf2020.Azure.IoTHub.Devices", "NetConf2020.Azure.IoTHub.Devices\NetConf2020.Azure.IoTHub.Devices.csproj", "{4FE16F58-E8C9-49E6-B163-F78A6528063C}"
EndProject
Global
	GlobalSection(SolutionConfigurationPlatforms) = preSolution
		Debug|Any CPU = Debug|Any CPU
		Release|Any CPU = Release|Any CPU
	EndGlobalSection
	GlobalSection(ProjectConfigurationPlatforms) = postSolution
		{4FE16F58-E8C9-49E6-B163-F78A6528063C}.Debug|Any CPU.ActiveCfg = Debug|Any CPU
		{4FE16F58-E8C9-49E6-B163-F78A6528063C}.Debug|Any CPU.Build.0 = Debug|Any CPU
		{4FE16F58-E8C9-49E6-B163-F78A6528063C}.Release|Any CPU.ActiveCfg = Release|Any CPU
		{4FE16F58-E8C9-49E6-B163-F78A6528063C}.Release|Any CPU.Build.0 = Release|Any CPU
	EndGlobalSection
	GlobalSection(SolutionProperties) = preSolution
		HideSolutionNode = FALSE
	EndGlobalSection
	GlobalSection(ExtensibilityGlobals) = postSolution
		SolutionGuid = {4EDCFF95-515D-4A7E-9103-4F5985A47420}
	EndGlobalSection
EndGlobal
